
Microsoft Visual Studio Solution File, Format Version 12.00
# Visual Studio Version 17
VisualStudioVersion = 17.10.34928.147
MinimumVisualStudioVersion = 10.0.40219.1
Project("{FAE04EC0-301F-11D3-BF4B-00C04F79EFBC}") = "G5.NetITIMVCDay04", "G5.NetITIMVCDay04\G5.NetITIMVCDay04.csproj", "{B437F0C1-84AA-4949-AB73-A50BD927B957}"
EndProject
Global
	GlobalSection(SolutionConfigurationPlatforms) = preSolution
		Debug|Any CPU = Debug|Any CPU
		Release|Any CPU = Release|Any CPU
	EndGlobalSection
	GlobalSection(ProjectConfigurationPlatforms) = postSolution
		{B437F0C1-84AA-4949-AB73-A50BD927B957}.Debug|Any CPU.ActiveCfg = Debug|Any CPU
		{B437F0C1-84AA-4949-AB73-A50BD927B957}.Debug|Any CPU.Build.0 = Debug|Any CPU
		{B437F0C1-84AA-4949-AB73-A50BD927B957}.Release|Any CPU.ActiveCfg = Release|Any CPU
		{B437F0C1-84AA-4949-AB73-A50BD927B957}.Release|Any CPU.Build.0 = Release|Any CPU
	EndGlobalSection
	GlobalSection(SolutionProperties) = preSolution
		HideSolutionNode = FALSE
	EndGlobalSection
	GlobalSection(ExtensibilityGlobals) = postSolution
		SolutionGuid = {157E03CE-207B-44D9-9A19-313F1905C9A5}
	EndGlobalSection
EndGlobal
